// !$*UTF8*$!
{
	archiveVersion = 1;
	classes = {
	};
	objectVersion = 52;
	objects = {

/* Begin PBXBuildFile section */
		BF021BAB26B6D20D00253789 /* Resultado.swift in Sources */ = {isa = PBXBuildFile; fileRef = BF021BAA26B6D20D00253789 /* Resultado.swift */; };
		BF021BAD26B6D9CA00253789 /* ResultadoTableViewController.swift in Sources */ = {isa = PBXBuildFile; fileRef = BF021BAC26B6D9CA00253789 /* ResultadoTableViewController.swift */; };
		BF0DD6BC2662ADBD00DC7AB5 /* DecisaoTableViewController.swift in Sources */ = {isa = PBXBuildFile; fileRef = BF0DD6BB2662ADBD00DC7AB5 /* DecisaoTableViewController.swift */; };
		BF15E1DC268534A8002DB26A /* OpcoesTableViewControler.swift in Sources */ = {isa = PBXBuildFile; fileRef = BF15E1DB268534A8002DB26A /* OpcoesTableViewControler.swift */; };
		BF15E1DF268633BD002DB26A /* AdicionaOpcaoViewController.swift in Sources */ = {isa = PBXBuildFile; fileRef = BF15E1DE268633BD002DB26A /* AdicionaOpcaoViewController.swift */; };
		BF17A3DC269660DF0099CDA3 /* AdicionaCriterioViewController.swift in Sources */ = {isa = PBXBuildFile; fileRef = BF17A3DB269660DF0099CDA3 /* AdicionaCriterioViewController.swift */; };
		BF427B74269F62E400C77DF8 /* AvaliacaoTableViewController.swift in Sources */ = {isa = PBXBuildFile; fileRef = BF427B73269F62E400C77DF8 /* AvaliacaoTableViewController.swift */; };
		BF47D55A294F3E7200B514CE /* OnboardingViewController.swift in Sources */ = {isa = PBXBuildFile; fileRef = BF47D559294F3E7200B514CE /* OnboardingViewController.swift */; };
		BF6E5BDC266C1BDA000133BF /* EasyDecision.xcdatamodeld in Sources */ = {isa = PBXBuildFile; fileRef = BF6E5BDA266C1BDA000133BF /* EasyDecision.xcdatamodeld */; };
		BF6F7095274D90FA004DF3E1 /* ResultadoTVCell.swift in Sources */ = {isa = PBXBuildFile; fileRef = BF6F7094274D90F9004DF3E1 /* ResultadoTVCell.swift */; };
		BF926CC526659F0400B09305 /* AdicionaDecisaoViewController.swift in Sources */ = {isa = PBXBuildFile; fileRef = BF926CC426659F0400B09305 /* AdicionaDecisaoViewController.swift */; };
		BFBBEC86265EFF7600C5FA10 /* AppDelegate.swift in Sources */ = {isa = PBXBuildFile; fileRef = BFBBEC85265EFF7600C5FA10 /* AppDelegate.swift */; };
		BFBBEC88265EFF7600C5FA10 /* SceneDelegate.swift in Sources */ = {isa = PBXBuildFile; fileRef = BFBBEC87265EFF7600C5FA10 /* SceneDelegate.swift */; };
		BFBBEC8D265EFF7600C5FA10 /* Main.storyboard in Resources */ = {isa = PBXBuildFile; fileRef = BFBBEC8B265EFF7600C5FA10 /* Main.storyboard */; };
		BFBBEC8F265EFF7A00C5FA10 /* Assets.xcassets in Resources */ = {isa = PBXBuildFile; fileRef = BFBBEC8E265EFF7A00C5FA10 /* Assets.xcassets */; };
		BFBBEC92265EFF7A00C5FA10 /* LaunchScreen.storyboard in Resources */ = {isa = PBXBuildFile; fileRef = BFBBEC90265EFF7A00C5FA10 /* LaunchScreen.storyboard */; };
		BFCD9C8926A0F02F0037C550 /* EditaAvaliacaoViewController.swift in Sources */ = {isa = PBXBuildFile; fileRef = BFCD9C8826A0F02F0037C550 /* EditaAvaliacaoViewController.swift */; };
		BFE05E0D269210A500FE1DA1 /* CriteriosTableViewController.swift in Sources */ = {isa = PBXBuildFile; fileRef = BFE05E0C269210A500FE1DA1 /* CriteriosTableViewController.swift */; };
		BFE7DEC8283EADFA00DAB160 /* AvaliacaoTVSection.swift in Sources */ = {isa = PBXBuildFile; fileRef = BFE7DEC7283EADFA00DAB160 /* AvaliacaoTVSection.swift */; };
		BFFD5BC926AD9F90007D9786 /* SQLite in Frameworks */ = {isa = PBXBuildFile; productRef = BFFD5BC826AD9F90007D9786 /* SQLite */; };
		BFFD5BCC26ADA3E0007D9786 /* Decisao.swift in Sources */ = {isa = PBXBuildFile; fileRef = BFFD5BCB26ADA3E0007D9786 /* Decisao.swift */; };
		BFFD5BCE26ADA6D5007D9786 /* DatabaseManager.swift in Sources */ = {isa = PBXBuildFile; fileRef = BFFD5BCD26ADA6D5007D9786 /* DatabaseManager.swift */; };
		BFFD5BD026ADDE3D007D9786 /* Opcao.swift in Sources */ = {isa = PBXBuildFile; fileRef = BFFD5BCF26ADDE3C007D9786 /* Opcao.swift */; };
		BFFD5BD226AED7F7007D9786 /* Criterio.swift in Sources */ = {isa = PBXBuildFile; fileRef = BFFD5BD126AED7F7007D9786 /* Criterio.swift */; };
		BFFD5BD426AF2086007D9786 /* Avaliacao.swift in Sources */ = {isa = PBXBuildFile; fileRef = BFFD5BD326AF2086007D9786 /* Avaliacao.swift */; };
		BFFE2EE72741CA4F00CC4BF0 /* RatingTVCell.swift in Sources */ = {isa = PBXBuildFile; fileRef = BFFE2EE62741CA4F00CC4BF0 /* RatingTVCell.swift */; };
/* End PBXBuildFile section */

/* Begin PBXFileReference section */
		BF021BAA26B6D20D00253789 /* Resultado.swift */ = {isa = PBXFileReference; lastKnownFileType = sourcecode.swift; path = Resultado.swift; sourceTree = "<group>"; };
		BF021BAC26B6D9CA00253789 /* ResultadoTableViewController.swift */ = {isa = PBXFileReference; lastKnownFileType = sourcecode.swift; path = ResultadoTableViewController.swift; sourceTree = "<group>"; };
		BF0DD6BB2662ADBD00DC7AB5 /* DecisaoTableViewController.swift */ = {isa = PBXFileReference; lastKnownFileType = sourcecode.swift; path = DecisaoTableViewController.swift; sourceTree = "<group>"; };
		BF0DD6C52662BA0100DC7AB5 /* README.md */ = {isa = PBXFileReference; lastKnownFileType = net.daringfireball.markdown; path = README.md; sourceTree = SOURCE_ROOT; };
		BF15E1DB268534A8002DB26A /* OpcoesTableViewControler.swift */ = {isa = PBXFileReference; lastKnownFileType = sourcecode.swift; path = OpcoesTableViewControler.swift; sourceTree = "<group>"; };
		BF15E1DE268633BD002DB26A /* AdicionaOpcaoViewController.swift */ = {isa = PBXFileReference; lastKnownFileType = sourcecode.swift; path = AdicionaOpcaoViewController.swift; sourceTree = "<group>"; };
		BF17A3DB269660DF0099CDA3 /* AdicionaCriterioViewController.swift */ = {isa = PBXFileReference; lastKnownFileType = sourcecode.swift; path = AdicionaCriterioViewController.swift; sourceTree = "<group>"; };
		BF427B73269F62E400C77DF8 /* AvaliacaoTableViewController.swift */ = {isa = PBXFileReference; lastKnownFileType = sourcecode.swift; path = AvaliacaoTableViewController.swift; sourceTree = "<group>"; };
		BF47D559294F3E7200B514CE /* OnboardingViewController.swift */ = {isa = PBXFileReference; lastKnownFileType = sourcecode.swift; path = OnboardingViewController.swift; sourceTree = "<group>"; };
		BF6A803726A487030057614A /* Aplicativo.swift */ = {isa = PBXFileReference; lastKnownFileType = sourcecode.swift; path = Aplicativo.swift; sourceTree = "<group>"; };
		BF6E5BDB266C1BDA000133BF /* EasyDecision.xcdatamodel */ = {isa = PBXFileReference; lastKnownFileType = wrapper.xcdatamodel; path = EasyDecision.xcdatamodel; sourceTree = "<group>"; };
		BF6F7094274D90F9004DF3E1 /* ResultadoTVCell.swift */ = {isa = PBXFileReference; lastKnownFileType = sourcecode.swift; path = ResultadoTVCell.swift; sourceTree = "<group>"; };
      BF599390295F830700C21CCE /* Camadas pseudocode.swift */ = {isa = PBXFileReference; lastKnownFileType = sourcecode.swift; path = "Camadas pseudocode.swift"; sourceTree = "<group>"; };
		BF926CC426659F0400B09305 /* AdicionaDecisaoViewController.swift */ = {isa = PBXFileReference; lastKnownFileType = sourcecode.swift; path = AdicionaDecisaoViewController.swift; sourceTree = "<group>"; };
		BFA76ADE295DE0CC00A5F625 /* Pseudocode.swift */ = {isa = PBXFileReference; lastKnownFileType = sourcecode.swift; path = Pseudocode.swift; sourceTree = "<group>"; };
		BFBBEC82265EFF7600C5FA10 /* EasyDecision.app */ = {isa = PBXFileReference; explicitFileType = wrapper.application; includeInIndex = 0; path = EasyDecision.app; sourceTree = BUILT_PRODUCTS_DIR; };
		BFBBEC85265EFF7600C5FA10 /* AppDelegate.swift */ = {isa = PBXFileReference; lastKnownFileType = sourcecode.swift; path = AppDelegate.swift; sourceTree = "<group>"; };
		BFBBEC87265EFF7600C5FA10 /* SceneDelegate.swift */ = {isa = PBXFileReference; lastKnownFileType = sourcecode.swift; path = SceneDelegate.swift; sourceTree = "<group>"; };
		BFBBEC8C265EFF7600C5FA10 /* Base */ = {isa = PBXFileReference; lastKnownFileType = file.storyboard; name = Base; path = Base.lproj/Main.storyboard; sourceTree = "<group>"; };
		BFBBEC8E265EFF7A00C5FA10 /* Assets.xcassets */ = {isa = PBXFileReference; lastKnownFileType = folder.assetcatalog; path = Assets.xcassets; sourceTree = "<group>"; };
		BFBBEC91265EFF7A00C5FA10 /* Base */ = {isa = PBXFileReference; lastKnownFileType = file.storyboard; name = Base; path = Base.lproj/LaunchScreen.storyboard; sourceTree = "<group>"; };
		BFBBEC93265EFF7A00C5FA10 /* Info.plist */ = {isa = PBXFileReference; lastKnownFileType = text.plist.xml; path = Info.plist; sourceTree = "<group>"; };
		BFCD9C8826A0F02F0037C550 /* EditaAvaliacaoViewController.swift */ = {isa = PBXFileReference; lastKnownFileType = sourcecode.swift; path = EditaAvaliacaoViewController.swift; sourceTree = "<group>"; };
		BFE05E0C269210A500FE1DA1 /* CriteriosTableViewController.swift */ = {isa = PBXFileReference; lastKnownFileType = sourcecode.swift; path = CriteriosTableViewController.swift; sourceTree = "<group>"; };
		BFE7DEC7283EADFA00DAB160 /* AvaliacaoTVSection.swift */ = {isa = PBXFileReference; lastKnownFileType = sourcecode.swift; path = AvaliacaoTVSection.swift; sourceTree = "<group>"; };
		BFFD5BC526AD9B97007D9786 /* libsqlite3.tbd */ = {isa = PBXFileReference; lastKnownFileType = "sourcecode.text-based-dylib-definition"; name = libsqlite3.tbd; path = usr/lib/libsqlite3.tbd; sourceTree = SDKROOT; };
		BFFD5BCB26ADA3E0007D9786 /* Decisao.swift */ = {isa = PBXFileReference; lastKnownFileType = sourcecode.swift; path = Decisao.swift; sourceTree = "<group>"; };
		BFFD5BCD26ADA6D5007D9786 /* DatabaseManager.swift */ = {isa = PBXFileReference; lastKnownFileType = sourcecode.swift; path = DatabaseManager.swift; sourceTree = "<group>"; };
		BFFD5BCF26ADDE3C007D9786 /* Opcao.swift */ = {isa = PBXFileReference; lastKnownFileType = sourcecode.swift; path = Opcao.swift; sourceTree = "<group>"; };
		BFFD5BD126AED7F7007D9786 /* Criterio.swift */ = {isa = PBXFileReference; lastKnownFileType = sourcecode.swift; path = Criterio.swift; sourceTree = "<group>"; };
		BFFD5BD326AF2086007D9786 /* Avaliacao.swift */ = {isa = PBXFileReference; lastKnownFileType = sourcecode.swift; path = Avaliacao.swift; sourceTree = "<group>"; };
		BFFE2EE62741CA4F00CC4BF0 /* RatingTVCell.swift */ = {isa = PBXFileReference; fileEncoding = 4; lastKnownFileType = sourcecode.swift; path = RatingTVCell.swift; sourceTree = "<group>"; };
/* End PBXFileReference section */

/* Begin PBXFrameworksBuildPhase section */
		BFBBEC7F265EFF7600C5FA10 /* Frameworks */ = {
			isa = PBXFrameworksBuildPhase;
			buildActionMask = 2147483647;
			files = (
				BFFD5BC926AD9F90007D9786 /* SQLite in Frameworks */,
			);
			runOnlyForDeploymentPostprocessing = 0;
		};
/* End PBXFrameworksBuildPhase section */

/* Begin PBXGroup section */
		BF0DD6B52662ACC200DC7AB5 /* Decisao */ = {
			isa = PBXGroup;
			children = (
				BFFD5BCA26ADA2F3007D9786 /* model */,
				BF0DD6BF2662AEE700DC7AB5 /* view */,
				BF0DD6C02662AEF200DC7AB5 /* viewmodel */,
			);
			path = Decisao;
			sourceTree = "<group>";
		};
		BF0DD6BF2662AEE700DC7AB5 /* view */ = {
			isa = PBXGroup;
			children = (
				BFE7DEC7283EADFA00DAB160 /* AvaliacaoTVSection.swift */,
				BFFE2EE62741CA4F00CC4BF0 /* RatingTVCell.swift */,
				BF6F7094274D90F9004DF3E1 /* ResultadoTVCell.swift */,
				BFBBEC8B265EFF7600C5FA10 /* Main.storyboard */,
			);
			path = view;
			sourceTree = "<group>";
		};
		BF0DD6C02662AEF200DC7AB5 /* viewmodel */ = {
			isa = PBXGroup;
			children = (
				BF47D559294F3E7200B514CE /* OnboardingViewController.swift */,
				BF0DD6BB2662ADBD00DC7AB5 /* DecisaoTableViewController.swift */,
				BF926CC426659F0400B09305 /* AdicionaDecisaoViewController.swift */,
				BF15E1DB268534A8002DB26A /* OpcoesTableViewControler.swift */,
				BF15E1DE268633BD002DB26A /* AdicionaOpcaoViewController.swift */,
				BFE05E0C269210A500FE1DA1 /* CriteriosTableViewController.swift */,
				BF17A3DB269660DF0099CDA3 /* AdicionaCriterioViewController.swift */,
				BF427B73269F62E400C77DF8 /* AvaliacaoTableViewController.swift */,
				BFCD9C8826A0F02F0037C550 /* EditaAvaliacaoViewController.swift */,
				BF021BAC26B6D9CA00253789 /* ResultadoTableViewController.swift */,
				BF599390295F830700C21CCE /* Camadas pseudocode.swift */,
				BFA76ADE295DE0CC00A5F625 /* Pseudocode.swift */,
			);
			path = viewmodel;
			sourceTree = "<group>";
		};
		BFBBEC79265EFF7600C5FA10 = {
			isa = PBXGroup;
			children = (
				BFBBEC84265EFF7600C5FA10 /* EasyDecision */,
				BFBBEC83265EFF7600C5FA10 /* Products */,
				BFFD5BC426AD9B97007D9786 /* Frameworks */,
			);
			sourceTree = "<group>";
		};
		BFBBEC83265EFF7600C5FA10 /* Products */ = {
			isa = PBXGroup;
			children = (
				BFBBEC82265EFF7600C5FA10 /* EasyDecision.app */,
			);
			name = Products;
			sourceTree = "<group>";
		};
		BFBBEC84265EFF7600C5FA10 /* EasyDecision */ = {
			isa = PBXGroup;
			children = (
				BF0DD6C52662BA0100DC7AB5 /* README.md */,
				BF0DD6B52662ACC200DC7AB5 /* Decisao */,
				BFBBEC85265EFF7600C5FA10 /* AppDelegate.swift */,
				BFBBEC87265EFF7600C5FA10 /* SceneDelegate.swift */,
				BFBBEC8E265EFF7A00C5FA10 /* Assets.xcassets */,
				BFBBEC90265EFF7A00C5FA10 /* LaunchScreen.storyboard */,
				BFBBEC93265EFF7A00C5FA10 /* Info.plist */,
				BF6E5BDA266C1BDA000133BF /* EasyDecision.xcdatamodeld */,
				BF6A803726A487030057614A /* Aplicativo.swift */,
			);
			path = EasyDecision;
			sourceTree = "<group>";
		};
		BFFD5BC426AD9B97007D9786 /* Frameworks */ = {
			isa = PBXGroup;
			children = (
				BFFD5BC526AD9B97007D9786 /* libsqlite3.tbd */,
			);
			name = Frameworks;
			sourceTree = "<group>";
		};
		BFFD5BCA26ADA2F3007D9786 /* model */ = {
			isa = PBXGroup;
			children = (
				BFFD5BCB26ADA3E0007D9786 /* Decisao.swift */,
				BFFD5BCD26ADA6D5007D9786 /* DatabaseManager.swift */,
				BFFD5BCF26ADDE3C007D9786 /* Opcao.swift */,
				BFFD5BD126AED7F7007D9786 /* Criterio.swift */,
				BFFD5BD326AF2086007D9786 /* Avaliacao.swift */,
				BF021BAA26B6D20D00253789 /* Resultado.swift */,
			);
			path = model;
			sourceTree = "<group>";
		};
/* End PBXGroup section */

/* Begin PBXNativeTarget section */
		BFBBEC81265EFF7600C5FA10 /* EasyDecision */ = {
			isa = PBXNativeTarget;
			buildConfigurationList = BFBBEC96265EFF7A00C5FA10 /* Build configuration list for PBXNativeTarget "EasyDecision" */;
			buildPhases = (
				BFBBEC7E265EFF7600C5FA10 /* Sources */,
				BFBBEC7F265EFF7600C5FA10 /* Frameworks */,
				BFBBEC80265EFF7600C5FA10 /* Resources */,
			);
			buildRules = (
			);
			dependencies = (
			);
			name = EasyDecision;
			packageProductDependencies = (
				BFFD5BC826AD9F90007D9786 /* SQLite */,
			);
			productName = EasyDecision;
			productReference = BFBBEC82265EFF7600C5FA10 /* EasyDecision.app */;
			productType = "com.apple.product-type.application";
		};
/* End PBXNativeTarget section */

/* Begin PBXProject section */
		BFBBEC7A265EFF7600C5FA10 /* Project object */ = {
			isa = PBXProject;
			attributes = {
				LastSwiftUpdateCheck = 1240;
				LastUpgradeCheck = 1240;
				TargetAttributes = {
					BFBBEC81265EFF7600C5FA10 = {
						CreatedOnToolsVersion = 12.4;
					};
				};
			};
			buildConfigurationList = BFBBEC7D265EFF7600C5FA10 /* Build configuration list for PBXProject "EasyDecision" */;
			compatibilityVersion = "Xcode 9.3";
			developmentRegion = en;
			hasScannedForEncodings = 0;
			knownRegions = (
				en,
				Base,
			);
			mainGroup = BFBBEC79265EFF7600C5FA10;
			packageReferences = (
				BFFD5BC726AD9F90007D9786 /* XCRemoteSwiftPackageReference "SQLite" */,
			);
			productRefGroup = BFBBEC83265EFF7600C5FA10 /* Products */;
			projectDirPath = "";
			projectRoot = "";
			targets = (
				BFBBEC81265EFF7600C5FA10 /* EasyDecision */,
			);
		};
/* End PBXProject section */

/* Begin PBXResourcesBuildPhase section */
		BFBBEC80265EFF7600C5FA10 /* Resources */ = {
			isa = PBXResourcesBuildPhase;
			buildActionMask = 2147483647;
			files = (
				BFBBEC92265EFF7A00C5FA10 /* LaunchScreen.storyboard in Resources */,
				BFBBEC8F265EFF7A00C5FA10 /* Assets.xcassets in Resources */,
				BFBBEC8D265EFF7600C5FA10 /* Main.storyboard in Resources */,
			);
			runOnlyForDeploymentPostprocessing = 0;
		};
/* End PBXResourcesBuildPhase section */

/* Begin PBXSourcesBuildPhase section */
		BFBBEC7E265EFF7600C5FA10 /* Sources */ = {
			isa = PBXSourcesBuildPhase;
			buildActionMask = 2147483647;
			files = (
				BF427B74269F62E400C77DF8 /* AvaliacaoTableViewController.swift in Sources */,
				BFE05E0D269210A500FE1DA1 /* CriteriosTableViewController.swift in Sources */,
				BFCD9C8926A0F02F0037C550 /* EditaAvaliacaoViewController.swift in Sources */,
				BF0DD6BC2662ADBD00DC7AB5 /* DecisaoTableViewController.swift in Sources */,
				BFFE2EE72741CA4F00CC4BF0 /* RatingTVCell.swift in Sources */,
				BF15E1DC268534A8002DB26A /* OpcoesTableViewControler.swift in Sources */,
				BFFD5BCE26ADA6D5007D9786 /* DatabaseManager.swift in Sources */,
				BF926CC526659F0400B09305 /* AdicionaDecisaoViewController.swift in Sources */,
				BFBBEC86265EFF7600C5FA10 /* AppDelegate.swift in Sources */,
				BF6F7095274D90FA004DF3E1 /* ResultadoTVCell.swift in Sources */,
				BF021BAB26B6D20D00253789 /* Resultado.swift in Sources */,
				BF15E1DF268633BD002DB26A /* AdicionaOpcaoViewController.swift in Sources */,
				BFFD5BD226AED7F7007D9786 /* Criterio.swift in Sources */,
				BFFD5BD026ADDE3D007D9786 /* Opcao.swift in Sources */,
				BFFD5BD426AF2086007D9786 /* Avaliacao.swift in Sources */,
				BFBBEC88265EFF7600C5FA10 /* SceneDelegate.swift in Sources */,
				BF47D55A294F3E7200B514CE /* OnboardingViewController.swift in Sources */,
				BF17A3DC269660DF0099CDA3 /* AdicionaCriterioViewController.swift in Sources */,
				BF6E5BDC266C1BDA000133BF /* EasyDecision.xcdatamodeld in Sources */,
				BF021BAD26B6D9CA00253789 /* ResultadoTableViewController.swift in Sources */,
				BFFD5BCC26ADA3E0007D9786 /* Decisao.swift in Sources */,
				BFE7DEC8283EADFA00DAB160 /* AvaliacaoTVSection.swift in Sources */,
			);
			runOnlyForDeploymentPostprocessing = 0;
		};
/* End PBXSourcesBuildPhase section */

/* Begin PBXVariantGroup section */
		BFBBEC8B265EFF7600C5FA10 /* Main.storyboard */ = {
			isa = PBXVariantGroup;
			children = (
				BFBBEC8C265EFF7600C5FA10 /* Base */,
			);
			name = Main.storyboard;
			sourceTree = "<group>";
		};
		BFBBEC90265EFF7A00C5FA10 /* LaunchScreen.storyboard */ = {
			isa = PBXVariantGroup;
			children = (
				BFBBEC91265EFF7A00C5FA10 /* Base */,
			);
			name = LaunchScreen.storyboard;
			sourceTree = "<group>";
		};
/* End PBXVariantGroup section */

/* Begin XCBuildConfiguration section */
		BFBBEC94265EFF7A00C5FA10 /* Debug */ = {
			isa = XCBuildConfiguration;
			buildSettings = {
				ALWAYS_SEARCH_USER_PATHS = NO;
				CLANG_ANALYZER_NONNULL = YES;
				CLANG_ANALYZER_NUMBER_OBJECT_CONVERSION = YES_AGGRESSIVE;
				CLANG_CXX_LANGUAGE_STANDARD = "gnu++14";
				CLANG_CXX_LIBRARY = "libc++";
				CLANG_ENABLE_MODULES = YES;
				CLANG_ENABLE_OBJC_ARC = YES;
				CLANG_ENABLE_OBJC_WEAK = YES;
				CLANG_WARN_BLOCK_CAPTURE_AUTORELEASING = YES;
				CLANG_WARN_BOOL_CONVERSION = YES;
				CLANG_WARN_COMMA = YES;
				CLANG_WARN_CONSTANT_CONVERSION = YES;
				CLANG_WARN_DEPRECATED_OBJC_IMPLEMENTATIONS = YES;
				CLANG_WARN_DIRECT_OBJC_ISA_USAGE = YES_ERROR;
				CLANG_WARN_DOCUMENTATION_COMMENTS = YES;
				CLANG_WARN_EMPTY_BODY = YES;
				CLANG_WARN_ENUM_CONVERSION = YES;
				CLANG_WARN_INFINITE_RECURSION = YES;
				CLANG_WARN_INT_CONVERSION = YES;
				CLANG_WARN_NON_LITERAL_NULL_CONVERSION = YES;
				CLANG_WARN_OBJC_IMPLICIT_RETAIN_SELF = YES;
				CLANG_WARN_OBJC_LITERAL_CONVERSION = YES;
				CLANG_WARN_OBJC_ROOT_CLASS = YES_ERROR;
				CLANG_WARN_QUOTED_INCLUDE_IN_FRAMEWORK_HEADER = YES;
				CLANG_WARN_RANGE_LOOP_ANALYSIS = YES;
				CLANG_WARN_STRICT_PROTOTYPES = YES;
				CLANG_WARN_SUSPICIOUS_MOVE = YES;
				CLANG_WARN_UNGUARDED_AVAILABILITY = YES_AGGRESSIVE;
				CLANG_WARN_UNREACHABLE_CODE = YES;
				CLANG_WARN__DUPLICATE_METHOD_MATCH = YES;
				COPY_PHASE_STRIP = NO;
				DEBUG_INFORMATION_FORMAT = dwarf;
				ENABLE_STRICT_OBJC_MSGSEND = YES;
				ENABLE_TESTABILITY = YES;
				GCC_C_LANGUAGE_STANDARD = gnu11;
				GCC_DYNAMIC_NO_PIC = NO;
				GCC_NO_COMMON_BLOCKS = YES;
				GCC_OPTIMIZATION_LEVEL = 0;
				GCC_PREPROCESSOR_DEFINITIONS = (
					"DEBUG=1",
					"$(inherited)",
				);
				GCC_WARN_64_TO_32_BIT_CONVERSION = YES;
				GCC_WARN_ABOUT_RETURN_TYPE = YES_ERROR;
				GCC_WARN_UNDECLARED_SELECTOR = YES;
				GCC_WARN_UNINITIALIZED_AUTOS = YES_AGGRESSIVE;
				GCC_WARN_UNUSED_FUNCTION = YES;
				GCC_WARN_UNUSED_VARIABLE = YES;
				IPHONEOS_DEPLOYMENT_TARGET = 13.0;
				MTL_ENABLE_DEBUG_INFO = INCLUDE_SOURCE;
				MTL_FAST_MATH = YES;
				ONLY_ACTIVE_ARCH = YES;
				SDKROOT = iphoneos;
				SWIFT_ACTIVE_COMPILATION_CONDITIONS = DEBUG;
				SWIFT_OPTIMIZATION_LEVEL = "-Onone";
			};
			name = Debug;
		};
		BFBBEC95265EFF7A00C5FA10 /* Release */ = {
			isa = XCBuildConfiguration;
			buildSettings = {
				ALWAYS_SEARCH_USER_PATHS = NO;
				CLANG_ANALYZER_NONNULL = YES;
				CLANG_ANALYZER_NUMBER_OBJECT_CONVERSION = YES_AGGRESSIVE;
				CLANG_CXX_LANGUAGE_STANDARD = "gnu++14";
				CLANG_CXX_LIBRARY = "libc++";
				CLANG_ENABLE_MODULES = YES;
				CLANG_ENABLE_OBJC_ARC = YES;
				CLANG_ENABLE_OBJC_WEAK = YES;
				CLANG_WARN_BLOCK_CAPTURE_AUTORELEASING = YES;
				CLANG_WARN_BOOL_CONVERSION = YES;
				CLANG_WARN_COMMA = YES;
				CLANG_WARN_CONSTANT_CONVERSION = YES;
				CLANG_WARN_DEPRECATED_OBJC_IMPLEMENTATIONS = YES;
				CLANG_WARN_DIRECT_OBJC_ISA_USAGE = YES_ERROR;
				CLANG_WARN_DOCUMENTATION_COMMENTS = YES;
				CLANG_WARN_EMPTY_BODY = YES;
				CLANG_WARN_ENUM_CONVERSION = YES;
				CLANG_WARN_INFINITE_RECURSION = YES;
				CLANG_WARN_INT_CONVERSION = YES;
				CLANG_WARN_NON_LITERAL_NULL_CONVERSION = YES;
				CLANG_WARN_OBJC_IMPLICIT_RETAIN_SELF = YES;
				CLANG_WARN_OBJC_LITERAL_CONVERSION = YES;
				CLANG_WARN_OBJC_ROOT_CLASS = YES_ERROR;
				CLANG_WARN_QUOTED_INCLUDE_IN_FRAMEWORK_HEADER = YES;
				CLANG_WARN_RANGE_LOOP_ANALYSIS = YES;
				CLANG_WARN_STRICT_PROTOTYPES = YES;
				CLANG_WARN_SUSPICIOUS_MOVE = YES;
				CLANG_WARN_UNGUARDED_AVAILABILITY = YES_AGGRESSIVE;
				CLANG_WARN_UNREACHABLE_CODE = YES;
				CLANG_WARN__DUPLICATE_METHOD_MATCH = YES;
				COPY_PHASE_STRIP = NO;
				DEBUG_INFORMATION_FORMAT = "dwarf-with-dsym";
				ENABLE_NS_ASSERTIONS = NO;
				ENABLE_STRICT_OBJC_MSGSEND = YES;
				GCC_C_LANGUAGE_STANDARD = gnu11;
				GCC_NO_COMMON_BLOCKS = YES;
				GCC_WARN_64_TO_32_BIT_CONVERSION = YES;
				GCC_WARN_ABOUT_RETURN_TYPE = YES_ERROR;
				GCC_WARN_UNDECLARED_SELECTOR = YES;
				GCC_WARN_UNINITIALIZED_AUTOS = YES_AGGRESSIVE;
				GCC_WARN_UNUSED_FUNCTION = YES;
				GCC_WARN_UNUSED_VARIABLE = YES;
				IPHONEOS_DEPLOYMENT_TARGET = 13.0;
				MTL_ENABLE_DEBUG_INFO = NO;
				MTL_FAST_MATH = YES;
				SDKROOT = iphoneos;
				SWIFT_COMPILATION_MODE = wholemodule;
				SWIFT_OPTIMIZATION_LEVEL = "-O";
				VALIDATE_PRODUCT = YES;
			};
			name = Release;
		};
		BFBBEC97265EFF7A00C5FA10 /* Debug */ = {
			isa = XCBuildConfiguration;
			buildSettings = {
				ASSETCATALOG_COMPILER_APPICON_NAME = AppIcon;
				ASSETCATALOG_COMPILER_GLOBAL_ACCENT_COLOR_NAME = AccentColor;
				CODE_SIGN_STYLE = Automatic;
				DEVELOPMENT_TEAM = RGUPB9UU3P;
				INFOPLIST_FILE = EasyDecision/Info.plist;
				LD_RUNPATH_SEARCH_PATHS = (
					"$(inherited)",
					"@executable_path/Frameworks",
				);
				PRODUCT_BUNDLE_IDENTIFIER = br.com.alura.EasyDecision;
				PRODUCT_NAME = "$(TARGET_NAME)";
				SWIFT_VERSION = 5.0;
				TARGETED_DEVICE_FAMILY = "1,2";
			};
			name = Debug;
		};
		BFBBEC98265EFF7A00C5FA10 /* Release */ = {
			isa = XCBuildConfiguration;
			buildSettings = {
				ASSETCATALOG_COMPILER_APPICON_NAME = AppIcon;
				ASSETCATALOG_COMPILER_GLOBAL_ACCENT_COLOR_NAME = AccentColor;
				CODE_SIGN_STYLE = Automatic;
				DEVELOPMENT_TEAM = RGUPB9UU3P;
				INFOPLIST_FILE = EasyDecision/Info.plist;
				LD_RUNPATH_SEARCH_PATHS = (
					"$(inherited)",
					"@executable_path/Frameworks",
				);
				PRODUCT_BUNDLE_IDENTIFIER = br.com.alura.EasyDecision;
				PRODUCT_NAME = "$(TARGET_NAME)";
				SWIFT_VERSION = 5.0;
				TARGETED_DEVICE_FAMILY = "1,2";
			};
			name = Release;
		};
/* End XCBuildConfiguration section */

/* Begin XCConfigurationList section */
		BFBBEC7D265EFF7600C5FA10 /* Build configuration list for PBXProject "EasyDecision" */ = {
			isa = XCConfigurationList;
			buildConfigurations = (
				BFBBEC94265EFF7A00C5FA10 /* Debug */,
				BFBBEC95265EFF7A00C5FA10 /* Release */,
			);
			defaultConfigurationIsVisible = 0;
			defaultConfigurationName = Release;
		};
		BFBBEC96265EFF7A00C5FA10 /* Build configuration list for PBXNativeTarget "EasyDecision" */ = {
			isa = XCConfigurationList;
			buildConfigurations = (
				BFBBEC97265EFF7A00C5FA10 /* Debug */,
				BFBBEC98265EFF7A00C5FA10 /* Release */,
			);
			defaultConfigurationIsVisible = 0;
			defaultConfigurationName = Release;
		};
/* End XCConfigurationList section */

/* Begin XCRemoteSwiftPackageReference section */
		BFFD5BC726AD9F90007D9786 /* XCRemoteSwiftPackageReference "SQLite" */ = {
			isa = XCRemoteSwiftPackageReference;
			repositoryURL = "https://github.com/stephencelis/SQLite.swift";
			requirement = {
				kind = upToNextMajorVersion;
				minimumVersion = 0.12.2;
			};
		};
/* End XCRemoteSwiftPackageReference section */

/* Begin XCSwiftPackageProductDependency section */
		BFFD5BC826AD9F90007D9786 /* SQLite */ = {
			isa = XCSwiftPackageProductDependency;
			package = BFFD5BC726AD9F90007D9786 /* XCRemoteSwiftPackageReference "SQLite" */;
			productName = SQLite;
		};
/* End XCSwiftPackageProductDependency section */

/* Begin XCVersionGroup section */
		BF6E5BDA266C1BDA000133BF /* EasyDecision.xcdatamodeld */ = {
			isa = XCVersionGroup;
			children = (
				BF6E5BDB266C1BDA000133BF /* EasyDecision.xcdatamodel */,
			);
			currentVersion = BF6E5BDB266C1BDA000133BF /* EasyDecision.xcdatamodel */;
			path = EasyDecision.xcdatamodeld;
			sourceTree = "<group>";
			versionGroupType = wrapper.xcdatamodel;
		};
/* End XCVersionGroup section */
	};
	rootObject = BFBBEC7A265EFF7600C5FA10 /* Project object */;
}
