{
  "pins" : [
    {
      "identity" : "sqlite.swift",
      "kind" : "remoteSourceControl",
      "location" : "https://github.com/stephencelis/SQLite.swift",
      "state" : {
        "revision" : "0a9893ec030501a3956bee572d6b4fdd3ae158a1",
        "version" : "0.12.2"
      }
    }
  ],
  "version" : 2
}
